
Microsoft Visual Studio Solution File, Format Version 12.00
# Visual Studio Version 16
VisualStudioVersion = 16.0.32630.194
MinimumVisualStudioVersion = 10.0.40219.1
Project("{FAE04EC0-301F-11D3-BF4B-00C04F79EFBC}") = "Tiket Bioskop", "Tiket Bioskop\Tiket Bioskop.csproj", "{DF05D368-698B-4163-8A5C-1407DDBAD9BC}"
EndProject
Global
	GlobalSection(SolutionConfigurationPlatforms) = preSolution
		Debug|Any CPU = Debug|Any CPU
		Release|Any CPU = Release|Any CPU
	EndGlobalSection
	GlobalSection(ProjectConfigurationPlatforms) = postSolution
		{DF05D368-698B-4163-8A5C-1407DDBAD9BC}.Debug|Any CPU.ActiveCfg = Debug|Any CPU
		{DF05D368-698B-4163-8A5C-1407DDBAD9BC}.Debug|Any CPU.Build.0 = Debug|Any CPU
		{DF05D368-698B-4163-8A5C-1407DDBAD9BC}.Release|Any CPU.ActiveCfg = Release|Any CPU
		{DF05D368-698B-4163-8A5C-1407DDBAD9BC}.Release|Any CPU.Build.0 = Release|Any CPU
	EndGlobalSection
	GlobalSection(SolutionProperties) = preSolution
		HideSolutionNode = FALSE
	EndGlobalSection
	GlobalSection(ExtensibilityGlobals) = postSolution
		SolutionGuid = {9A8E822F-769B-4FBF-A403-9E0CA168FE2B}
	EndGlobalSection
EndGlobal
